
Microsoft Visual Studio Solution File, Format Version 12.00
# Visual Studio 15
VisualStudioVersion = 15.0.28307.572
MinimumVisualStudioVersion = 10.0.40219.1
Project("{FAE04EC0-301F-11D3-BF4B-00C04F79EFBC}") = "SokobanEditor", "SokobanEditor\SokobanEditor.csproj", "{D5BDD5DF-74D2-4E7E-A28C-F11D76D959CC}"
EndProject
Project("{FAE04EC0-301F-11D3-BF4B-00C04F79EFBC}") = "MouseAlfaTester", "MouseAlfaTester\MouseAlfaTester.csproj", "{30BAE911-EDDC-44AE-B741-9D5022242DB2}"
EndProject
Global
	GlobalSection(SolutionConfigurationPlatforms) = preSolution
		Debug|Any CPU = Debug|Any CPU
		Release|Any CPU = Release|Any CPU
	EndGlobalSection
	GlobalSection(ProjectConfigurationPlatforms) = postSolution
		{D5BDD5DF-74D2-4E7E-A28C-F11D76D959CC}.Debug|Any CPU.ActiveCfg = Debug|Any CPU
		{D5BDD5DF-74D2-4E7E-A28C-F11D76D959CC}.Debug|Any CPU.Build.0 = Debug|Any CPU
		{D5BDD5DF-74D2-4E7E-A28C-F11D76D959CC}.Release|Any CPU.ActiveCfg = Release|Any CPU
		{D5BDD5DF-74D2-4E7E-A28C-F11D76D959CC}.Release|Any CPU.Build.0 = Release|Any CPU
		{30BAE911-EDDC-44AE-B741-9D5022242DB2}.Debug|Any CPU.ActiveCfg = Debug|Any CPU
		{30BAE911-EDDC-44AE-B741-9D5022242DB2}.Debug|Any CPU.Build.0 = Debug|Any CPU
		{30BAE911-EDDC-44AE-B741-9D5022242DB2}.Release|Any CPU.ActiveCfg = Release|Any CPU
		{30BAE911-EDDC-44AE-B741-9D5022242DB2}.Release|Any CPU.Build.0 = Release|Any CPU
	EndGlobalSection
	GlobalSection(SolutionProperties) = preSolution
		HideSolutionNode = FALSE
	EndGlobalSection
	GlobalSection(ExtensibilityGlobals) = postSolution
		SolutionGuid = {51E3DD6A-6072-499B-9785-E4CBFD1D2377}
	EndGlobalSection
EndGlobal
